
Microsoft Visual Studio Solution File, Format Version 12.00
# Visual Studio Version 17
VisualStudioVersion = 17.3.32922.545
MinimumVisualStudioVersion = 10.0.40219.1
Project("{9A19103F-16F7-4668-BE54-9A1E7A4F7556}") = "DevOpsProject_WPF", "DevOpsProject_WPF.csproj", "{2A77DBAC-DA0F-465E-8892-DDBB1DDB897F}"
EndProject
Project("{9A19103F-16F7-4668-BE54-9A1E7A4F7556}") = "DevOpsProject_DAL", "..\DevOpsProject_DAL\DevOpsProject_DAL.csproj", "{B166DF35-36A0-444A-BB6D-651987A2D4A5}"
EndProject
Project("{9A19103F-16F7-4668-BE54-9A1E7A4F7556}") = "DevOpsProject_Models", "..\DevOpsProject_Models\DevOpsProject_Models.csproj", "{9165EB10-ECF2-4645-AAE9-60761646A03F}"
EndProject
Global
	GlobalSection(SolutionConfigurationPlatforms) = preSolution
		Debug|Any CPU = Debug|Any CPU
		Release|Any CPU = Release|Any CPU
	EndGlobalSection
	GlobalSection(ProjectConfigurationPlatforms) = postSolution
		{2A77DBAC-DA0F-465E-8892-DDBB1DDB897F}.Debug|Any CPU.ActiveCfg = Debug|Any CPU
		{2A77DBAC-DA0F-465E-8892-DDBB1DDB897F}.Debug|Any CPU.Build.0 = Debug|Any CPU
		{2A77DBAC-DA0F-465E-8892-DDBB1DDB897F}.Release|Any CPU.ActiveCfg = Release|Any CPU
		{2A77DBAC-DA0F-465E-8892-DDBB1DDB897F}.Release|Any CPU.Build.0 = Release|Any CPU
		{B166DF35-36A0-444A-BB6D-651987A2D4A5}.Debug|Any CPU.ActiveCfg = Debug|Any CPU
		{B166DF35-36A0-444A-BB6D-651987A2D4A5}.Debug|Any CPU.Build.0 = Debug|Any CPU
		{B166DF35-36A0-444A-BB6D-651987A2D4A5}.Release|Any CPU.ActiveCfg = Release|Any CPU
		{B166DF35-36A0-444A-BB6D-651987A2D4A5}.Release|Any CPU.Build.0 = Release|Any CPU
		{9165EB10-ECF2-4645-AAE9-60761646A03F}.Debug|Any CPU.ActiveCfg = Debug|Any CPU
		{9165EB10-ECF2-4645-AAE9-60761646A03F}.Debug|Any CPU.Build.0 = Debug|Any CPU
		{9165EB10-ECF2-4645-AAE9-60761646A03F}.Release|Any CPU.ActiveCfg = Release|Any CPU
		{9165EB10-ECF2-4645-AAE9-60761646A03F}.Release|Any CPU.Build.0 = Release|Any CPU
	EndGlobalSection
	GlobalSection(SolutionProperties) = preSolution
		HideSolutionNode = FALSE
	EndGlobalSection
	GlobalSection(ExtensibilityGlobals) = postSolution
		SolutionGuid = {E786909F-EF7F-4E85-8FF5-3D87B5E8451C}
	EndGlobalSection
EndGlobal
